// !$*UTF8*$!
{
	archiveVersion = 1;
	classes = {
	};
	objectVersion = 48;
	objects = {

/* Begin PBXBuildFile section */
		71ED293D1FE1465500E1F2DD /* AnimatedBody.storyboard in Resources */ = {isa = PBXBuildFile; fileRef = 71ED293C1FE1465500E1F2DD /* AnimatedBody.storyboard */; };
		71ED293F1FE148C800E1F2DD /* AnimatedBodyViewController.swift in Sources */ = {isa = PBXBuildFile; fileRef = 71ED293E1FE148C800E1F2DD /* AnimatedBodyViewController.swift */; };
		AD67CA421FE2FD2400838902 /* PlayViewController.swift in Sources */ = {isa = PBXBuildFile; fileRef = AD67CA411FE2FD2400838902 /* PlayViewController.swift */; };
		AD67CA461FE3033400838902 /* NearbyPeersTableViewController.swift in Sources */ = {isa = PBXBuildFile; fileRef = AD67CA451FE3033400838902 /* NearbyPeersTableViewController.swift */; };
		AD67CA481FE3049100838902 /* MPCHandler.swift in Sources */ = {isa = PBXBuildFile; fileRef = AD67CA471FE3049100838902 /* MPCHandler.swift */; };
		AD6D20D11FE31D1700010790 /* Peer.swift in Sources */ = {isa = PBXBuildFile; fileRef = AD6D20D01FE31D1700010790 /* Peer.swift */; };
		AD6D20D31FE322A200010790 /* NearbyPeersTableViewCell.swift in Sources */ = {isa = PBXBuildFile; fileRef = AD6D20D21FE322A200010790 /* NearbyPeersTableViewCell.swift */; };
		AD6D20D61FE32A6A00010790 /* Notifications.swift in Sources */ = {isa = PBXBuildFile; fileRef = AD6D20D51FE32A6A00010790 /* Notifications.swift */; };
		AD71957C1FE33E7E00F65030 /* GlobalVariables.swift in Sources */ = {isa = PBXBuildFile; fileRef = AD71957B1FE33E7E00F65030 /* GlobalVariables.swift */; };
		ADA19DFC1FE147170042D088 /* Base.storyboard in Resources */ = {isa = PBXBuildFile; fileRef = ADA19DFB1FE147170042D088 /* Base.storyboard */; };
		ADB3AE411FDEAE7200E283A0 /* AppDelegate.swift in Sources */ = {isa = PBXBuildFile; fileRef = ADB3AE401FDEAE7200E283A0 /* AppDelegate.swift */; };
		ADB3AE431FDEAE7200E283A0 /* ViewController.swift in Sources */ = {isa = PBXBuildFile; fileRef = ADB3AE421FDEAE7200E283A0 /* ViewController.swift */; };
		ADB3AE461FDEAE7200E283A0 /* Main.storyboard in Resources */ = {isa = PBXBuildFile; fileRef = ADB3AE441FDEAE7200E283A0 /* Main.storyboard */; };
		ADB3AE481FDEAE7200E283A0 /* Assets.xcassets in Resources */ = {isa = PBXBuildFile; fileRef = ADB3AE471FDEAE7200E283A0 /* Assets.xcassets */; };
		ADB3AE4B1FDEAE7200E283A0 /* LaunchScreen.storyboard in Resources */ = {isa = PBXBuildFile; fileRef = ADB3AE491FDEAE7200E283A0 /* LaunchScreen.storyboard */; };
		BA1D29EF1FE2B8140016BF19 /* GifWaveAnimation.swift in Sources */ = {isa = PBXBuildFile; fileRef = BA1D29EE1FE2B8140016BF19 /* GifWaveAnimation.swift */; };
/* End PBXBuildFile section */

/* Begin PBXFileReference section */
		71ED293C1FE1465500E1F2DD /* AnimatedBody.storyboard */ = {isa = PBXFileReference; lastKnownFileType = file.storyboard; path = AnimatedBody.storyboard; sourceTree = "<group>"; };
		71ED293E1FE148C800E1F2DD /* AnimatedBodyViewController.swift */ = {isa = PBXFileReference; lastKnownFileType = sourcecode.swift; path = AnimatedBodyViewController.swift; sourceTree = "<group>"; };
		AD67CA411FE2FD2400838902 /* PlayViewController.swift */ = {isa = PBXFileReference; lastKnownFileType = sourcecode.swift; path = PlayViewController.swift; sourceTree = "<group>"; };
		AD67CA451FE3033400838902 /* NearbyPeersTableViewController.swift */ = {isa = PBXFileReference; lastKnownFileType = sourcecode.swift; path = NearbyPeersTableViewController.swift; sourceTree = "<group>"; };
		AD67CA471FE3049100838902 /* MPCHandler.swift */ = {isa = PBXFileReference; lastKnownFileType = sourcecode.swift; path = MPCHandler.swift; sourceTree = "<group>"; };
		AD6D20D01FE31D1700010790 /* Peer.swift */ = {isa = PBXFileReference; lastKnownFileType = sourcecode.swift; path = Peer.swift; sourceTree = "<group>"; };
		AD6D20D21FE322A200010790 /* NearbyPeersTableViewCell.swift */ = {isa = PBXFileReference; lastKnownFileType = sourcecode.swift; path = NearbyPeersTableViewCell.swift; sourceTree = "<group>"; };
		AD6D20D51FE32A6A00010790 /* Notifications.swift */ = {isa = PBXFileReference; lastKnownFileType = sourcecode.swift; path = Notifications.swift; sourceTree = "<group>"; };
		AD71957B1FE33E7E00F65030 /* GlobalVariables.swift */ = {isa = PBXFileReference; lastKnownFileType = sourcecode.swift; path = GlobalVariables.swift; sourceTree = "<group>"; };
		ADA19DFB1FE147170042D088 /* Base.storyboard */ = {isa = PBXFileReference; lastKnownFileType = file.storyboard; path = Base.storyboard; sourceTree = "<group>"; };
		ADB3AE3D1FDEAE7200E283A0 /* KamasUltra.app */ = {isa = PBXFileReference; explicitFileType = wrapper.application; includeInIndex = 0; path = KamasUltra.app; sourceTree = BUILT_PRODUCTS_DIR; };
		ADB3AE401FDEAE7200E283A0 /* AppDelegate.swift */ = {isa = PBXFileReference; lastKnownFileType = sourcecode.swift; path = AppDelegate.swift; sourceTree = "<group>"; };
		ADB3AE421FDEAE7200E283A0 /* ViewController.swift */ = {isa = PBXFileReference; lastKnownFileType = sourcecode.swift; path = ViewController.swift; sourceTree = "<group>"; };
		ADB3AE451FDEAE7200E283A0 /* Base */ = {isa = PBXFileReference; lastKnownFileType = file.storyboard; name = Base; path = Base.lproj/Main.storyboard; sourceTree = "<group>"; };
		ADB3AE471FDEAE7200E283A0 /* Assets.xcassets */ = {isa = PBXFileReference; lastKnownFileType = folder.assetcatalog; path = Assets.xcassets; sourceTree = "<group>"; };
		ADB3AE4A1FDEAE7200E283A0 /* Base */ = {isa = PBXFileReference; lastKnownFileType = file.storyboard; name = Base; path = Base.lproj/LaunchScreen.storyboard; sourceTree = "<group>"; };
		ADB3AE4C1FDEAE7200E283A0 /* Info.plist */ = {isa = PBXFileReference; lastKnownFileType = text.plist.xml; path = Info.plist; sourceTree = "<group>"; };
		BA1D29EE1FE2B8140016BF19 /* GifWaveAnimation.swift */ = {isa = PBXFileReference; lastKnownFileType = sourcecode.swift; path = GifWaveAnimation.swift; sourceTree = "<group>"; };
/* End PBXFileReference section */

/* Begin PBXFrameworksBuildPhase section */
		ADB3AE3A1FDEAE7200E283A0 /* Frameworks */ = {
			isa = PBXFrameworksBuildPhase;
			buildActionMask = 2147483647;
			files = (
			);
			runOnlyForDeploymentPostprocessing = 0;
		};
/* End PBXFrameworksBuildPhase section */

/* Begin PBXGroup section */
		71ED293B1FE1461F00E1F2DD /* AnimatedBody */ = {
			isa = PBXGroup;
			children = (
				71ED293C1FE1465500E1F2DD /* AnimatedBody.storyboard */,
				71ED293E1FE148C800E1F2DD /* AnimatedBodyViewController.swift */,
				BA1D29EE1FE2B8140016BF19 /* GifWaveAnimation.swift */,
			);
			path = AnimatedBody;
			sourceTree = "<group>";
		};
		AD67CA3F1FE2FCE300838902 /* ViewControllers */ = {
			isa = PBXGroup;
			children = (
				AD67CA411FE2FD2400838902 /* PlayViewController.swift */,
				AD67CA451FE3033400838902 /* NearbyPeersTableViewController.swift */,
				AD6D20D21FE322A200010790 /* NearbyPeersTableViewCell.swift */,
			);
			path = ViewControllers;
			sourceTree = "<group>";
		};
		AD67CA401FE2FCEF00838902 /* MPC */ = {
			isa = PBXGroup;
			children = (
				AD67CA471FE3049100838902 /* MPCHandler.swift */,
			);
			path = MPC;
			sourceTree = "<group>";
		};
		AD6D20CF1FE31CFE00010790 /* Models */ = {
			isa = PBXGroup;
			children = (
				AD6D20D01FE31D1700010790 /* Peer.swift */,
			);
			path = Models;
			sourceTree = "<group>";
		};
		AD6D20D41FE32A5200010790 /* Global */ = {
			isa = PBXGroup;
			children = (
				AD6D20D51FE32A6A00010790 /* Notifications.swift */,
				AD71957B1FE33E7E00F65030 /* GlobalVariables.swift */,
			);
			path = Global;
			sourceTree = "<group>";
		};
		ADA19DFA1FE146DD0042D088 /* P2P */ = {
			isa = PBXGroup;
			children = (
				AD6D20CF1FE31CFE00010790 /* Models */,
				AD67CA401FE2FCEF00838902 /* MPC */,
				AD67CA3F1FE2FCE300838902 /* ViewControllers */,
				ADA19DFB1FE147170042D088 /* Base.storyboard */,
			);
			name = P2P;
			path = "New Group";
			sourceTree = "<group>";
		};
		ADB3AE341FDEAE7200E283A0 = {
			isa = PBXGroup;
			children = (
				ADB3AE3F1FDEAE7200E283A0 /* KamasUltra */,
				ADB3AE3E1FDEAE7200E283A0 /* Products */,
			);
			sourceTree = "<group>";
		};
		ADB3AE3E1FDEAE7200E283A0 /* Products */ = {
			isa = PBXGroup;
			children = (
				ADB3AE3D1FDEAE7200E283A0 /* KamasUltra.app */,
			);
			name = Products;
			sourceTree = "<group>";
		};
		ADB3AE3F1FDEAE7200E283A0 /* KamasUltra */ = {
			isa = PBXGroup;
			children = (
				AD6D20D41FE32A5200010790 /* Global */,
				ADA19DFA1FE146DD0042D088 /* P2P */,
				71ED293B1FE1461F00E1F2DD /* AnimatedBody */,
				ADB3AE401FDEAE7200E283A0 /* AppDelegate.swift */,
				ADB3AE421FDEAE7200E283A0 /* ViewController.swift */,
				ADB3AE441FDEAE7200E283A0 /* Main.storyboard */,
				ADB3AE471FDEAE7200E283A0 /* Assets.xcassets */,
				ADB3AE491FDEAE7200E283A0 /* LaunchScreen.storyboard */,
				ADB3AE4C1FDEAE7200E283A0 /* Info.plist */,
			);
			path = KamasUltra;
			sourceTree = "<group>";
		};
/* End PBXGroup section */

/* Begin PBXNativeTarget section */
		ADB3AE3C1FDEAE7200E283A0 /* KamasUltra */ = {
			isa = PBXNativeTarget;
			buildConfigurationList = ADB3AE4F1FDEAE7200E283A0 /* Build configuration list for PBXNativeTarget "KamasUltra" */;
			buildPhases = (
				ADB3AE391FDEAE7200E283A0 /* Sources */,
				ADB3AE3A1FDEAE7200E283A0 /* Frameworks */,
				ADB3AE3B1FDEAE7200E283A0 /* Resources */,
			);
			buildRules = (
			);
			dependencies = (
			);
			name = KamasUltra;
			productName = KamasUltra;
			productReference = ADB3AE3D1FDEAE7200E283A0 /* KamasUltra.app */;
			productType = "com.apple.product-type.application";
		};
/* End PBXNativeTarget section */

/* Begin PBXProject section */
		ADB3AE351FDEAE7200E283A0 /* Project object */ = {
			isa = PBXProject;
			attributes = {
				LastSwiftUpdateCheck = 0910;
				LastUpgradeCheck = 0910;
				ORGANIZATIONNAME = "Tassio Marques";
				TargetAttributes = {
					ADB3AE3C1FDEAE7200E283A0 = {
						CreatedOnToolsVersion = 9.1;
						ProvisioningStyle = Automatic;
					};
				};
			};
			buildConfigurationList = ADB3AE381FDEAE7200E283A0 /* Build configuration list for PBXProject "KamasUltra" */;
			compatibilityVersion = "Xcode 8.0";
			developmentRegion = en;
			hasScannedForEncodings = 0;
			knownRegions = (
				en,
				Base,
			);
			mainGroup = ADB3AE341FDEAE7200E283A0;
			productRefGroup = ADB3AE3E1FDEAE7200E283A0 /* Products */;
			projectDirPath = "";
			projectRoot = "";
			targets = (
				ADB3AE3C1FDEAE7200E283A0 /* KamasUltra */,
			);
		};
/* End PBXProject section */

/* Begin PBXResourcesBuildPhase section */
		ADB3AE3B1FDEAE7200E283A0 /* Resources */ = {
			isa = PBXResourcesBuildPhase;
			buildActionMask = 2147483647;
			files = (
				ADB3AE4B1FDEAE7200E283A0 /* LaunchScreen.storyboard in Resources */,
				ADB3AE481FDEAE7200E283A0 /* Assets.xcassets in Resources */,
				ADA19DFC1FE147170042D088 /* Base.storyboard in Resources */,
				ADB3AE461FDEAE7200E283A0 /* Main.storyboard in Resources */,
				71ED293D1FE1465500E1F2DD /* AnimatedBody.storyboard in Resources */,
			);
			runOnlyForDeploymentPostprocessing = 0;
		};
/* End PBXResourcesBuildPhase section */

/* Begin PBXSourcesBuildPhase section */
		ADB3AE391FDEAE7200E283A0 /* Sources */ = {
			isa = PBXSourcesBuildPhase;
			buildActionMask = 2147483647;
			files = (
				AD6D20D61FE32A6A00010790 /* Notifications.swift in Sources */,
				71ED293F1FE148C800E1F2DD /* AnimatedBodyViewController.swift in Sources */,
				AD6D20D11FE31D1700010790 /* Peer.swift in Sources */,
				AD67CA421FE2FD2400838902 /* PlayViewController.swift in Sources */,
				AD67CA461FE3033400838902 /* NearbyPeersTableViewController.swift in Sources */,
				ADB3AE431FDEAE7200E283A0 /* ViewController.swift in Sources */,
				AD71957C1FE33E7E00F65030 /* GlobalVariables.swift in Sources */,
				BA1D29EF1FE2B8140016BF19 /* GifWaveAnimation.swift in Sources */,
				AD67CA481FE3049100838902 /* MPCHandler.swift in Sources */,
				ADB3AE411FDEAE7200E283A0 /* AppDelegate.swift in Sources */,
				AD6D20D31FE322A200010790 /* NearbyPeersTableViewCell.swift in Sources */,
			);
			runOnlyForDeploymentPostprocessing = 0;
		};
/* End PBXSourcesBuildPhase section */

/* Begin PBXVariantGroup section */
		ADB3AE441FDEAE7200E283A0 /* Main.storyboard */ = {
			isa = PBXVariantGroup;
			children = (
				ADB3AE451FDEAE7200E283A0 /* Base */,
			);
			name = Main.storyboard;
			sourceTree = "<group>";
		};
		ADB3AE491FDEAE7200E283A0 /* LaunchScreen.storyboard */ = {
			isa = PBXVariantGroup;
			children = (
				ADB3AE4A1FDEAE7200E283A0 /* Base */,
			);
			name = LaunchScreen.storyboard;
			sourceTree = "<group>";
		};
/* End PBXVariantGroup section */

/* Begin XCBuildConfiguration section */
		ADB3AE4D1FDEAE7200E283A0 /* Debug */ = {
			isa = XCBuildConfiguration;
			buildSettings = {
				ALWAYS_SEARCH_USER_PATHS = NO;
				CLANG_ANALYZER_NONNULL = YES;
				CLANG_ANALYZER_NUMBER_OBJECT_CONVERSION = YES_AGGRESSIVE;
				CLANG_CXX_LANGUAGE_STANDARD = "gnu++14";
				CLANG_CXX_LIBRARY = "libc++";
				CLANG_ENABLE_MODULES = YES;
				CLANG_ENABLE_OBJC_ARC = YES;
				CLANG_WARN_BLOCK_CAPTURE_AUTORELEASING = YES;
				CLANG_WARN_BOOL_CONVERSION = YES;
				CLANG_WARN_COMMA = YES;
				CLANG_WARN_CONSTANT_CONVERSION = YES;
				CLANG_WARN_DIRECT_OBJC_ISA_USAGE = YES_ERROR;
				CLANG_WARN_DOCUMENTATION_COMMENTS = YES;
				CLANG_WARN_EMPTY_BODY = YES;
				CLANG_WARN_ENUM_CONVERSION = YES;
				CLANG_WARN_INFINITE_RECURSION = YES;
				CLANG_WARN_INT_CONVERSION = YES;
				CLANG_WARN_NON_LITERAL_NULL_CONVERSION = YES;
				CLANG_WARN_OBJC_LITERAL_CONVERSION = YES;
				CLANG_WARN_OBJC_ROOT_CLASS = YES_ERROR;
				CLANG_WARN_RANGE_LOOP_ANALYSIS = YES;
				CLANG_WARN_STRICT_PROTOTYPES = YES;
				CLANG_WARN_SUSPICIOUS_MOVE = YES;
				CLANG_WARN_UNGUARDED_AVAILABILITY = YES_AGGRESSIVE;
				CLANG_WARN_UNREACHABLE_CODE = YES;
				CLANG_WARN__DUPLICATE_METHOD_MATCH = YES;
				CODE_SIGN_IDENTITY = "iPhone Developer";
				COPY_PHASE_STRIP = NO;
				DEBUG_INFORMATION_FORMAT = dwarf;
				ENABLE_STRICT_OBJC_MSGSEND = YES;
				ENABLE_TESTABILITY = YES;
				GCC_C_LANGUAGE_STANDARD = gnu11;
				GCC_DYNAMIC_NO_PIC = NO;
				GCC_NO_COMMON_BLOCKS = YES;
				GCC_OPTIMIZATION_LEVEL = 0;
				GCC_PREPROCESSOR_DEFINITIONS = (
					"DEBUG=1",
					"$(inherited)",
				);
				GCC_WARN_64_TO_32_BIT_CONVERSION = YES;
				GCC_WARN_ABOUT_RETURN_TYPE = YES_ERROR;
				GCC_WARN_UNDECLARED_SELECTOR = YES;
				GCC_WARN_UNINITIALIZED_AUTOS = YES_AGGRESSIVE;
				GCC_WARN_UNUSED_FUNCTION = YES;
				GCC_WARN_UNUSED_VARIABLE = YES;
				IPHONEOS_DEPLOYMENT_TARGET = 11.1;
				MTL_ENABLE_DEBUG_INFO = YES;
				ONLY_ACTIVE_ARCH = YES;
				SDKROOT = iphoneos;
				SWIFT_ACTIVE_COMPILATION_CONDITIONS = DEBUG;
				SWIFT_OPTIMIZATION_LEVEL = "-Onone";
			};
			name = Debug;
		};
		ADB3AE4E1FDEAE7200E283A0 /* Release */ = {
			isa = XCBuildConfiguration;
			buildSettings = {
				ALWAYS_SEARCH_USER_PATHS = NO;
				CLANG_ANALYZER_NONNULL = YES;
				CLANG_ANALYZER_NUMBER_OBJECT_CONVERSION = YES_AGGRESSIVE;
				CLANG_CXX_LANGUAGE_STANDARD = "gnu++14";
				CLANG_CXX_LIBRARY = "libc++";
				CLANG_ENABLE_MODULES = YES;
				CLANG_ENABLE_OBJC_ARC = YES;
				CLANG_WARN_BLOCK_CAPTURE_AUTORELEASING = YES;
				CLANG_WARN_BOOL_CONVERSION = YES;
				CLANG_WARN_COMMA = YES;
				CLANG_WARN_CONSTANT_CONVERSION = YES;
				CLANG_WARN_DIRECT_OBJC_ISA_USAGE = YES_ERROR;
				CLANG_WARN_DOCUMENTATION_COMMENTS = YES;
				CLANG_WARN_EMPTY_BODY = YES;
				CLANG_WARN_ENUM_CONVERSION = YES;
				CLANG_WARN_INFINITE_RECURSION = YES;
				CLANG_WARN_INT_CONVERSION = YES;
				CLANG_WARN_NON_LITERAL_NULL_CONVERSION = YES;
				CLANG_WARN_OBJC_LITERAL_CONVERSION = YES;
				CLANG_WARN_OBJC_ROOT_CLASS = YES_ERROR;
				CLANG_WARN_RANGE_LOOP_ANALYSIS = YES;
				CLANG_WARN_STRICT_PROTOTYPES = YES;
				CLANG_WARN_SUSPICIOUS_MOVE = YES;
				CLANG_WARN_UNGUARDED_AVAILABILITY = YES_AGGRESSIVE;
				CLANG_WARN_UNREACHABLE_CODE = YES;
				CLANG_WARN__DUPLICATE_METHOD_MATCH = YES;
				CODE_SIGN_IDENTITY = "iPhone Developer";
				COPY_PHASE_STRIP = NO;
				DEBUG_INFORMATION_FORMAT = "dwarf-with-dsym";
				ENABLE_NS_ASSERTIONS = NO;
				ENABLE_STRICT_OBJC_MSGSEND = YES;
				GCC_C_LANGUAGE_STANDARD = gnu11;
				GCC_NO_COMMON_BLOCKS = YES;
				GCC_WARN_64_TO_32_BIT_CONVERSION = YES;
				GCC_WARN_ABOUT_RETURN_TYPE = YES_ERROR;
				GCC_WARN_UNDECLARED_SELECTOR = YES;
				GCC_WARN_UNINITIALIZED_AUTOS = YES_AGGRESSIVE;
				GCC_WARN_UNUSED_FUNCTION = YES;
				GCC_WARN_UNUSED_VARIABLE = YES;
				IPHONEOS_DEPLOYMENT_TARGET = 11.1;
				MTL_ENABLE_DEBUG_INFO = NO;
				SDKROOT = iphoneos;
				SWIFT_OPTIMIZATION_LEVEL = "-Owholemodule";
				VALIDATE_PRODUCT = YES;
			};
			name = Release;
		};
		ADB3AE501FDEAE7200E283A0 /* Debug */ = {
			isa = XCBuildConfiguration;
			buildSettings = {
				ASSETCATALOG_COMPILER_APPICON_NAME = AppIcon;
				CODE_SIGN_STYLE = Automatic;
				DEVELOPMENT_TEAM = JWYZUH34NP;
				INFOPLIST_FILE = KamasUltra/Info.plist;
				LD_RUNPATH_SEARCH_PATHS = "$(inherited) @executable_path/Frameworks";
				PRODUCT_BUNDLE_IDENTIFIER = DrunGeek.KamasUltra;
				PRODUCT_NAME = "$(TARGET_NAME)";
				SWIFT_VERSION = 4.0;
				TARGETED_DEVICE_FAMILY = 1;
			};
			name = Debug;
		};
		ADB3AE511FDEAE7200E283A0 /* Release */ = {
			isa = XCBuildConfiguration;
			buildSettings = {
				ASSETCATALOG_COMPILER_APPICON_NAME = AppIcon;
				CODE_SIGN_STYLE = Automatic;
				DEVELOPMENT_TEAM = JWYZUH34NP;
				INFOPLIST_FILE = KamasUltra/Info.plist;
				LD_RUNPATH_SEARCH_PATHS = "$(inherited) @executable_path/Frameworks";
				PRODUCT_BUNDLE_IDENTIFIER = DrunGeek.KamasUltra;
				PRODUCT_NAME = "$(TARGET_NAME)";
				SWIFT_VERSION = 4.0;
				TARGETED_DEVICE_FAMILY = 1;
			};
			name = Release;
		};
/* End XCBuildConfiguration section */

/* Begin XCConfigurationList section */
		ADB3AE381FDEAE7200E283A0 /* Build configuration list for PBXProject "KamasUltra" */ = {
			isa = XCConfigurationList;
			buildConfigurations = (
				ADB3AE4D1FDEAE7200E283A0 /* Debug */,
				ADB3AE4E1FDEAE7200E283A0 /* Release */,
			);
			defaultConfigurationIsVisible = 0;
			defaultConfigurationName = Release;
		};
		ADB3AE4F1FDEAE7200E283A0 /* Build configuration list for PBXNativeTarget "KamasUltra" */ = {
			isa = XCConfigurationList;
			buildConfigurations = (
				ADB3AE501FDEAE7200E283A0 /* Debug */,
				ADB3AE511FDEAE7200E283A0 /* Release */,
			);
			defaultConfigurationIsVisible = 0;
			defaultConfigurationName = Release;
		};
/* End XCConfigurationList section */
	};
	rootObject = ADB3AE351FDEAE7200E283A0 /* Project object */;
}
